
Microsoft Visual Studio Solution File, Format Version 12.00
Project("{FAE04EC0-301F-11D3-BF4B-00C04F79EFBC}") = "GhostNetwork.Messages.Api", "GhostNetwork.Messages.Api\GhostNetwork.Messages.Api.csproj", "{C458E262-1EB1-4B17-84BF-D25F2CA800E3}"
EndProject
Project("{2150E333-8FDC-42A3-9474-1A3956D46DE8}") = "tests", "tests", "{37AAB735-7A3F-4CB4-832A-C739C812FDFD}"
	ProjectSection(SolutionItems) = preProject
		tests\load-tests.js = tests\load-tests.js
	EndProjectSection
EndProject
Project("{FAE04EC0-301F-11D3-BF4B-00C04F79EFBC}") = "GhostNetwork.Messages.ApiTests", "tests\GhostNetwork.Messages.ApiTests\GhostNetwork.Messages.ApiTests.csproj", "{D780A411-20FB-4C3C-A7C9-BE48AE54382C}"
EndProject
Global
	GlobalSection(SolutionConfigurationPlatforms) = preSolution
		Debug|Any CPU = Debug|Any CPU
		Release|Any CPU = Release|Any CPU
	EndGlobalSection
	GlobalSection(ProjectConfigurationPlatforms) = postSolution
		{C458E262-1EB1-4B17-84BF-D25F2CA800E3}.Debug|Any CPU.ActiveCfg = Debug|Any CPU
		{C458E262-1EB1-4B17-84BF-D25F2CA800E3}.Debug|Any CPU.Build.0 = Debug|Any CPU
		{C458E262-1EB1-4B17-84BF-D25F2CA800E3}.Release|Any CPU.ActiveCfg = Release|Any CPU
		{C458E262-1EB1-4B17-84BF-D25F2CA800E3}.Release|Any CPU.Build.0 = Release|Any CPU
		{D780A411-20FB-4C3C-A7C9-BE48AE54382C}.Debug|Any CPU.ActiveCfg = Debug|Any CPU
		{D780A411-20FB-4C3C-A7C9-BE48AE54382C}.Debug|Any CPU.Build.0 = Debug|Any CPU
		{D780A411-20FB-4C3C-A7C9-BE48AE54382C}.Release|Any CPU.ActiveCfg = Release|Any CPU
		{D780A411-20FB-4C3C-A7C9-BE48AE54382C}.Release|Any CPU.Build.0 = Release|Any CPU
	EndGlobalSection
	GlobalSection(NestedProjects) = preSolution
	EndGlobalSection
EndGlobal
